
Microsoft Visual Studio Solution File, Format Version 12.00
# Visual Studio 15
Project("{FAE04EC0-301F-11D3-BF4B-00C04F79EFBC}") = "Assembly-CSharp-firstpass", "Assembly-CSharp-firstpass.csproj", "{C13AD5AC-0272-BA9A-F5AF-5EE0654A8F41}"
EndProject
Project("{FAE04EC0-301F-11D3-BF4B-00C04F79EFBC}") = "Assembly-CSharp", "Assembly-CSharp.csproj", "{E252139C-9B03-E303-BCD7-6CF16A014325}"
EndProject
Project("{FAE04EC0-301F-11D3-BF4B-00C04F79EFBC}") = "Assembly-CSharp-Editor-firstpass", "Assembly-CSharp-Editor-firstpass.csproj", "{E7E6FB71-076E-A0B2-0AE3-37D42EFA9F01}"
EndProject
Global
	GlobalSection(SolutionConfigurationPlatforms) = preSolution
		Debug|Any CPU = Debug|Any CPU
		Release|Any CPU = Release|Any CPU
	EndGlobalSection
	GlobalSection(ProjectConfigurationPlatforms) = postSolution
		{C13AD5AC-0272-BA9A-F5AF-5EE0654A8F41}.Debug|Any CPU.ActiveCfg = Debug|Any CPU
		{C13AD5AC-0272-BA9A-F5AF-5EE0654A8F41}.Debug|Any CPU.Build.0 = Debug|Any CPU
		{C13AD5AC-0272-BA9A-F5AF-5EE0654A8F41}.Release|Any CPU.ActiveCfg = Release|Any CPU
		{C13AD5AC-0272-BA9A-F5AF-5EE0654A8F41}.Release|Any CPU.Build.0 = Release|Any CPU
		{E252139C-9B03-E303-BCD7-6CF16A014325}.Debug|Any CPU.ActiveCfg = Debug|Any CPU
		{E252139C-9B03-E303-BCD7-6CF16A014325}.Debug|Any CPU.Build.0 = Debug|Any CPU
		{E252139C-9B03-E303-BCD7-6CF16A014325}.Release|Any CPU.ActiveCfg = Release|Any CPU
		{E252139C-9B03-E303-BCD7-6CF16A014325}.Release|Any CPU.Build.0 = Release|Any CPU
		{E7E6FB71-076E-A0B2-0AE3-37D42EFA9F01}.Debug|Any CPU.ActiveCfg = Debug|Any CPU
		{E7E6FB71-076E-A0B2-0AE3-37D42EFA9F01}.Debug|Any CPU.Build.0 = Debug|Any CPU
		{E7E6FB71-076E-A0B2-0AE3-37D42EFA9F01}.Release|Any CPU.ActiveCfg = Release|Any CPU
		{E7E6FB71-076E-A0B2-0AE3-37D42EFA9F01}.Release|Any CPU.Build.0 = Release|Any CPU
	EndGlobalSection
	GlobalSection(SolutionProperties) = preSolution
		HideSolutionNode = FALSE
	EndGlobalSection
EndGlobal
